
Microsoft Visual Studio Solution File, Format Version 11.00
# Visual Studio 2010
Project("{FAE04EC0-301F-11D3-BF4B-00C04F79EFBC}") = "FlingSolver", "FlingSolver\FlingSolver.csproj", "{352DE0D7-EE32-4AD7-AC9D-C030C1608378}"
EndProject
Project("{2150E333-8FDC-42A3-9474-1A3956D46DE8}") = "Solution Items", "Solution Items", "{BCED3501-4676-495A-ABFF-0A4A3C8AC5E2}"
	ProjectSection(SolutionItems) = preProject
		Performance1.psess = Performance1.psess
	EndProjectSection
EndProject
Global
	GlobalSection(SolutionConfigurationPlatforms) = preSolution
		Debug|x86 = Debug|x86
		Release|x86 = Release|x86
	EndGlobalSection
	GlobalSection(ProjectConfigurationPlatforms) = postSolution
		{352DE0D7-EE32-4AD7-AC9D-C030C1608378}.Debug|x86.ActiveCfg = Debug|x86
		{352DE0D7-EE32-4AD7-AC9D-C030C1608378}.Debug|x86.Build.0 = Debug|x86
		{352DE0D7-EE32-4AD7-AC9D-C030C1608378}.Release|x86.ActiveCfg = Release|x86
		{352DE0D7-EE32-4AD7-AC9D-C030C1608378}.Release|x86.Build.0 = Release|x86
	EndGlobalSection
	GlobalSection(SolutionProperties) = preSolution
		HideSolutionNode = FALSE
	EndGlobalSection
EndGlobal
